Microsoft Visual Studio Solution File, Format Version 12.00
# Visual Studio 14
VisualStudioVersion = 14.0.25420.1
MinimumVisualStudioVersion = 10.0.40219.1
Project("{8BC9CEB8-8B4A-11D0-8D11-00A0C91BC942}") = "ALL_BUILD", "ALL_BUILD.vcxproj", "{BEA6C92A-2473-38E6-83DA-EA28E44CADC7}"
	ProjectSection(ProjectDependencies) = postProject
		{9E6C845A-09BC-3FE1-8BA1-926580B6C562} = {9E6C845A-09BC-3FE1-8BA1-926580B6C562}
		{1D3473BC-A183-398F-B2B8-DDED6C32634C} = {1D3473BC-A183-398F-B2B8-DDED6C32634C}
		{A25853D8-9BC5-31C4-AADA-8BCB133B4216} = {A25853D8-9BC5-31C4-AADA-8BCB133B4216}
		{F890997D-F91A-3FBD-AE91-FD5466AA6871} = {F890997D-F91A-3FBD-AE91-FD5466AA6871}
		{D1865427-885B-3C06-9877-E830B8878646} = {D1865427-885B-3C06-9877-E830B8878646}
		{449BF3DB-55DC-3B86-84A3-18810BE81990} = {449BF3DB-55DC-3B86-84A3-18810BE81990}
		{37A9AABE-B96D-3C9E-9430-C71898960301} = {37A9AABE-B96D-3C9E-9430-C71898960301}
		{3D929C94-BD74-3C95-B103-DFA51820B6F2} = {3D929C94-BD74-3C95-B103-DFA51820B6F2}
		{3963C657-D66D-3C64-BDBF-EA50C3C26A15} = {3963C657-D66D-3C64-BDBF-EA50C3C26A15}
		{1820D1C0-FFE9-32DF-9D0D-BECC66E41885} = {1820D1C0-FFE9-32DF-9D0D-BECC66E41885}
		{86A745E9-4DFE-3E54-9428-0488496D1AD8} = {86A745E9-4DFE-3E54-9428-0488496D1AD8}
		{2E3E3ADA-44F1-308F-BDAB-37BFDE055A0E} = {2E3E3ADA-44F1-308F-BDAB-37BFDE055A0E}
		{239CAE9B-8367-310E-BC00-5CD2CF8E4E9F} = {239CAE9B-8367-310E-BC00-5CD2CF8E4E9F}
		{FA0163E1-2539-3A71-987F-7828B4F4FDF6} = {FA0163E1-2539-3A71-987F-7828B4F4FDF6}
		{2FFC2501-0174-3F23-B10E-84C5162B3513} = {2FFC2501-0174-3F23-B10E-84C5162B3513}
		{1986F08A-0634-3DA3-BBF4-6685D808866D} = {1986F08A-0634-3DA3-BBF4-6685D808866D}
		{AC71F520-D6A1-3B0B-95FC-24A2EFF452EF} = {AC71F520-D6A1-3B0B-95FC-24A2EFF452EF}
		{1B998855-2F28-320E-A798-AF5008E22112} = {1B998855-2F28-320E-A798-AF5008E22112}
		{4811B9A4-5A2F-382E-8034-45F4F45AFB96} = {4811B9A4-5A2F-382E-8034-45F4F45AFB96}
		{1D324514-E514-3FE0-AAB5-C8DC9B699599} = {1D324514-E514-3FE0-AAB5-C8DC9B699599}
		{14DA8756-3BE4-3E1D-9158-DA0A5A4FF4A2} = {14DA8756-3BE4-3E1D-9158-DA0A5A4FF4A2}
		{F1E74E01-561B-36F7-BF1F-FE019E45E9D6} = {F1E74E01-561B-36F7-BF1F-FE019E45E9D6}
		{5D5B9FC2-26F7-332A-B93D-A583370FBA95} = {5D5B9FC2-26F7-332A-B93D-A583370FBA95}
		{1600A11B-8D96-3A8D-B53E-7CEBB1C12E53} = {1600A11B-8D96-3A8D-B53E-7CEBB1C12E53}
		{AFEA1B2D-2ED5-34BF-8B7B-3B1AFAC43FD9} = {AFEA1B2D-2ED5-34BF-8B7B-3B1AFAC43FD9}
		{7818457A-60ED-3961-B475-609E8676F2D5} = {7818457A-60ED-3961-B475-609E8676F2D5}
		{8943F372-F494-3645-A7CF-4A9DB1D70AAA} = {8943F372-F494-3645-A7CF-4A9DB1D70AAA}
		{0B7F6839-8BE2-3CF0-ACCD-E21FA3CD0BD6} = {0B7F6839-8BE2-3CF0-ACCD-E21FA3CD0BD6}
		{91128EFA-5AAA-36E9-A6F6-D8FA7C24C13D} = {91128EFA-5AAA-36E9-A6F6-D8FA7C24C13D}
		{8B9D7974-6950-38EA-A189-5AA3404B5A91} = {8B9D7974-6950-38EA-A189-5AA3404B5A91}
		{5B91C4E9-2003-3F31-83EE-F0D2E044D1F7} = {5B91C4E9-2003-3F31-83EE-F0D2E044D1F7}
		{BCBD458A-61EC-362B-8257-6ED304A62E7C} = {BCBD458A-61EC-362B-8257-6ED304A62E7C}
		{AFB36456-E942-36B5-85E7-FB75E0516D75} = {AFB36456-E942-36B5-85E7-FB75E0516D75}
		{8361FD8E-DBE2-36E9-B4A4-D944FB68484F} = {8361FD8E-DBE2-36E9-B4A4-D944FB68484F}
		{55FE11AB-2B74-3B98-995C-2B1A0E53514A} = {55FE11AB-2B74-3B98-995C-2B1A0E53514A}
		{4CCFE51C-D433-39E5-BA52-0A2F5BC1C219} = {4CCFE51C-D433-39E5-BA52-0A2F5BC1C219}
		{57BC89CA-E103-3F95-AFA4-85645F61AA48} = {57BC89CA-E103-3F95-AFA4-85645F61AA48}
		{42D573CC-2CC1-36D0-92D2-9247CBB0E2C9} = {42D573CC-2CC1-36D0-92D2-9247CBB0E2C9}
	EndProjectSection
EndProject
Project("{8BC9CEB8-8B4A-11D0-8D11-00A0C91BC942}") = "ZERO_CHECK", "ZERO_CHECK.vcxproj", "{9E6C845A-09BC-3FE1-8BA1-926580B6C562}"
EndProject
Project("{8BC9CEB8-8B4A-11D0-8D11-00A0C91BC942}") = "tf_cc_framework", "tf_cc_framework.vcxproj", "{1D3473BC-A183-398F-B2B8-DDED6C32634C}"
	ProjectSection(ProjectDependencies) = postProject
		{9E6C845A-09BC-3FE1-8BA1-926580B6C562} = {9E6C845A-09BC-3FE1-8BA1-926580B6C562}
		{3963C657-D66D-3C64-BDBF-EA50C3C26A15} = {3963C657-D66D-3C64-BDBF-EA50C3C26A15}
	EndProjectSection
EndProject
Project("{8BC9CEB8-8B4A-11D0-8D11-00A0C91BC942}") = "tf_cc_op_gen_main", "tf_cc_op_gen_main.vcxproj", "{A25853D8-9BC5-31C4-AADA-8BCB133B4216}"
	ProjectSection(ProjectDependencies) = postProject
		{9E6C845A-09BC-3FE1-8BA1-926580B6C562} = {9E6C845A-09BC-3FE1-8BA1-926580B6C562}
		{3963C657-D66D-3C64-BDBF-EA50C3C26A15} = {3963C657-D66D-3C64-BDBF-EA50C3C26A15}
	EndProjectSection
EndProject
Project("{8BC9CEB8-8B4A-11D0-8D11-00A0C91BC942}") = "tf_cc_ops", "tf_cc_ops.vcxproj", "{F890997D-F91A-3FBD-AE91-FD5466AA6871}"
	ProjectSection(ProjectDependencies) = postProject
		{9E6C845A-09BC-3FE1-8BA1-926580B6C562} = {9E6C845A-09BC-3FE1-8BA1-926580B6C562}
		{57BC89CA-E103-3F95-AFA4-85645F61AA48} = {57BC89CA-E103-3F95-AFA4-85645F61AA48}
		{42D573CC-2CC1-36D0-92D2-9247CBB0E2C9} = {42D573CC-2CC1-36D0-92D2-9247CBB0E2C9}
	EndProjectSection
EndProject
Project("{8BC9CEB8-8B4A-11D0-8D11-00A0C91BC942}") = "tf_control_flow_ops", "tf_control_flow_ops.vcxproj", "{D1865427-885B-3C06-9877-E830B8878646}"
	ProjectSection(ProjectDependencies) = postProject
		{9E6C845A-09BC-3FE1-8BA1-926580B6C562} = {9E6C845A-09BC-3FE1-8BA1-926580B6C562}
		{3963C657-D66D-3C64-BDBF-EA50C3C26A15} = {3963C657-D66D-3C64-BDBF-EA50C3C26A15}
	EndProjectSection
EndProject
Project("{8BC9CEB8-8B4A-11D0-8D11-00A0C91BC942}") = "tf_core_cpu", "tf_core_cpu.vcxproj", "{449BF3DB-55DC-3B86-84A3-18810BE81990}"
	ProjectSection(ProjectDependencies) = postProject
		{9E6C845A-09BC-3FE1-8BA1-926580B6C562} = {9E6C845A-09BC-3FE1-8BA1-926580B6C562}
		{3963C657-D66D-3C64-BDBF-EA50C3C26A15} = {3963C657-D66D-3C64-BDBF-EA50C3C26A15}
	EndProjectSection
EndProject
Project("{8BC9CEB8-8B4A-11D0-8D11-00A0C91BC942}") = "tf_core_direct_session", "tf_core_direct_session.vcxproj", "{37A9AABE-B96D-3C9E-9430-C71898960301}"
	ProjectSection(ProjectDependencies) = postProject
		{9E6C845A-09BC-3FE1-8BA1-926580B6C562} = {9E6C845A-09BC-3FE1-8BA1-926580B6C562}
		{449BF3DB-55DC-3B86-84A3-18810BE81990} = {449BF3DB-55DC-3B86-84A3-18810BE81990}
	EndProjectSection
EndProject
Project("{8BC9CEB8-8B4A-11D0-8D11-00A0C91BC942}") = "tf_core_distributed_runtime", "tf_core_distributed_runtime.vcxproj", "{3D929C94-BD74-3C95-B103-DFA51820B6F2}"
	ProjectSection(ProjectDependencies) = postProject
		{9E6C845A-09BC-3FE1-8BA1-926580B6C562} = {9E6C845A-09BC-3FE1-8BA1-926580B6C562}
		{449BF3DB-55DC-3B86-84A3-18810BE81990} = {449BF3DB-55DC-3B86-84A3-18810BE81990}
	EndProjectSection
EndProject
Project("{8BC9CEB8-8B4A-11D0-8D11-00A0C91BC942}") = "tf_core_framework", "tf_core_framework.vcxproj", "{3963C657-D66D-3C64-BDBF-EA50C3C26A15}"
	ProjectSection(ProjectDependencies) = postProject
		{9E6C845A-09BC-3FE1-8BA1-926580B6C562} = {9E6C845A-09BC-3FE1-8BA1-926580B6C562}
		{86A745E9-4DFE-3E54-9428-0488496D1AD8} = {86A745E9-4DFE-3E54-9428-0488496D1AD8}
	EndProjectSection
EndProject
Project("{8BC9CEB8-8B4A-11D0-8D11-00A0C91BC942}") = "tf_core_kernels", "tf_core_kernels.vcxproj", "{1820D1C0-FFE9-32DF-9D0D-BECC66E41885}"
	ProjectSection(ProjectDependencies) = postProject
		{9E6C845A-09BC-3FE1-8BA1-926580B6C562} = {9E6C845A-09BC-3FE1-8BA1-926580B6C562}
		{449BF3DB-55DC-3B86-84A3-18810BE81990} = {449BF3DB-55DC-3B86-84A3-18810BE81990}
	EndProjectSection
EndProject
Project("{8BC9CEB8-8B4A-11D0-8D11-00A0C91BC942}") = "tf_core_lib", "tf_core_lib.vcxproj", "{86A745E9-4DFE-3E54-9428-0488496D1AD8}"
	ProjectSection(ProjectDependencies) = postProject
		{9E6C845A-09BC-3FE1-8BA1-926580B6C562} = {9E6C845A-09BC-3FE1-8BA1-926580B6C562}
		{7818457A-60ED-3961-B475-609E8676F2D5} = {7818457A-60ED-3961-B475-609E8676F2D5}
	EndProjectSection
EndProject
Project("{8BC9CEB8-8B4A-11D0-8D11-00A0C91BC942}") = "tf_core_ops", "tf_core_ops.vcxproj", "{2E3E3ADA-44F1-308F-BDAB-37BFDE055A0E}"
	ProjectSection(ProjectDependencies) = postProject
		{9E6C845A-09BC-3FE1-8BA1-926580B6C562} = {9E6C845A-09BC-3FE1-8BA1-926580B6C562}
		{449BF3DB-55DC-3B86-84A3-18810BE81990} = {449BF3DB-55DC-3B86-84A3-18810BE81990}
	EndProjectSection
EndProject
Project("{8BC9CEB8-8B4A-11D0-8D11-00A0C91BC942}") = "tf_ctc_ops", "tf_ctc_ops.vcxproj", "{239CAE9B-8367-310E-BC00-5CD2CF8E4E9F}"
	ProjectSection(ProjectDependencies) = postProject
		{9E6C845A-09BC-3FE1-8BA1-926580B6C562} = {9E6C845A-09BC-3FE1-8BA1-926580B6C562}
		{3963C657-D66D-3C64-BDBF-EA50C3C26A15} = {3963C657-D66D-3C64-BDBF-EA50C3C26A15}
	EndProjectSection
EndProject
Project("{8BC9CEB8-8B4A-11D0-8D11-00A0C91BC942}") = "tf_data_flow_ops", "tf_data_flow_ops.vcxproj", "{FA0163E1-2539-3A71-987F-7828B4F4FDF6}"
	ProjectSection(ProjectDependencies) = postProject
		{9E6C845A-09BC-3FE1-8BA1-926580B6C562} = {9E6C845A-09BC-3FE1-8BA1-926580B6C562}
		{3963C657-D66D-3C64-BDBF-EA50C3C26A15} = {3963C657-D66D-3C64-BDBF-EA50C3C26A15}
	EndProjectSection
EndProject
Project("{8BC9CEB8-8B4A-11D0-8D11-00A0C91BC942}") = "tf_functional_ops", "tf_functional_ops.vcxproj", "{2FFC2501-0174-3F23-B10E-84C5162B3513}"
	ProjectSection(ProjectDependencies) = postProject
		{9E6C845A-09BC-3FE1-8BA1-926580B6C562} = {9E6C845A-09BC-3FE1-8BA1-926580B6C562}
		{3963C657-D66D-3C64-BDBF-EA50C3C26A15} = {3963C657-D66D-3C64-BDBF-EA50C3C26A15}
	EndProjectSection
EndProject
Project("{8BC9CEB8-8B4A-11D0-8D11-00A0C91BC942}") = "tf_image_ops", "tf_image_ops.vcxproj", "{1986F08A-0634-3DA3-BBF4-6685D808866D}"
	ProjectSection(ProjectDependencies) = postProject
		{9E6C845A-09BC-3FE1-8BA1-926580B6C562} = {9E6C845A-09BC-3FE1-8BA1-926580B6C562}
		{3963C657-D66D-3C64-BDBF-EA50C3C26A15} = {3963C657-D66D-3C64-BDBF-EA50C3C26A15}
	EndProjectSection
EndProject
Project("{8BC9CEB8-8B4A-11D0-8D11-00A0C91BC942}") = "tf_io_ops", "tf_io_ops.vcxproj", "{AC71F520-D6A1-3B0B-95FC-24A2EFF452EF}"
	ProjectSection(ProjectDependencies) = postProject
		{9E6C845A-09BC-3FE1-8BA1-926580B6C562} = {9E6C845A-09BC-3FE1-8BA1-926580B6C562}
		{3963C657-D66D-3C64-BDBF-EA50C3C26A15} = {3963C657-D66D-3C64-BDBF-EA50C3C26A15}
	EndProjectSection
EndProject
Project("{8BC9CEB8-8B4A-11D0-8D11-00A0C91BC942}") = "tf_linalg_ops", "tf_linalg_ops.vcxproj", "{1B998855-2F28-320E-A798-AF5008E22112}"
	ProjectSection(ProjectDependencies) = postProject
		{9E6C845A-09BC-3FE1-8BA1-926580B6C562} = {9E6C845A-09BC-3FE1-8BA1-926580B6C562}
		{3963C657-D66D-3C64-BDBF-EA50C3C26A15} = {3963C657-D66D-3C64-BDBF-EA50C3C26A15}
	EndProjectSection
EndProject
Project("{8BC9CEB8-8B4A-11D0-8D11-00A0C91BC942}") = "tf_logging_ops", "tf_logging_ops.vcxproj", "{4811B9A4-5A2F-382E-8034-45F4F45AFB96}"
	ProjectSection(ProjectDependencies) = postProject
		{9E6C845A-09BC-3FE1-8BA1-926580B6C562} = {9E6C845A-09BC-3FE1-8BA1-926580B6C562}
		{3963C657-D66D-3C64-BDBF-EA50C3C26A15} = {3963C657-D66D-3C64-BDBF-EA50C3C26A15}
	EndProjectSection
EndProject
Project("{8BC9CEB8-8B4A-11D0-8D11-00A0C91BC942}") = "tf_math_ops", "tf_math_ops.vcxproj", "{1D324514-E514-3FE0-AAB5-C8DC9B699599}"
	ProjectSection(ProjectDependencies) = postProject
		{9E6C845A-09BC-3FE1-8BA1-926580B6C562} = {9E6C845A-09BC-3FE1-8BA1-926580B6C562}
		{3963C657-D66D-3C64-BDBF-EA50C3C26A15} = {3963C657-D66D-3C64-BDBF-EA50C3C26A15}
	EndProjectSection
EndProject
Project("{8BC9CEB8-8B4A-11D0-8D11-00A0C91BC942}") = "tf_models_word2vec_kernels", "tf_models_word2vec_kernels.vcxproj", "{14DA8756-3BE4-3E1D-9158-DA0A5A4FF4A2}"
	ProjectSection(ProjectDependencies) = postProject
		{9E6C845A-09BC-3FE1-8BA1-926580B6C562} = {9E6C845A-09BC-3FE1-8BA1-926580B6C562}
		{449BF3DB-55DC-3B86-84A3-18810BE81990} = {449BF3DB-55DC-3B86-84A3-18810BE81990}
	EndProjectSection
EndProject
Project("{8BC9CEB8-8B4A-11D0-8D11-00A0C91BC942}") = "tf_models_word2vec_ops", "tf_models_word2vec_ops.vcxproj", "{F1E74E01-561B-36F7-BF1F-FE019E45E9D6}"
	ProjectSection(ProjectDependencies) = postProject
		{9E6C845A-09BC-3FE1-8BA1-926580B6C562} = {9E6C845A-09BC-3FE1-8BA1-926580B6C562}
		{3963C657-D66D-3C64-BDBF-EA50C3C26A15} = {3963C657-D66D-3C64-BDBF-EA50C3C26A15}
	EndProjectSection
EndProject
Project("{8BC9CEB8-8B4A-11D0-8D11-00A0C91BC942}") = "tf_nn_ops", "tf_nn_ops.vcxproj", "{5D5B9FC2-26F7-332A-B93D-A583370FBA95}"
	ProjectSection(ProjectDependencies) = postProject
		{9E6C845A-09BC-3FE1-8BA1-926580B6C562} = {9E6C845A-09BC-3FE1-8BA1-926580B6C562}
		{3963C657-D66D-3C64-BDBF-EA50C3C26A15} = {3963C657-D66D-3C64-BDBF-EA50C3C26A15}
	EndProjectSection
EndProject
Project("{8BC9CEB8-8B4A-11D0-8D11-00A0C91BC942}") = "tf_no_op", "tf_no_op.vcxproj", "{1600A11B-8D96-3A8D-B53E-7CEBB1C12E53}"
	ProjectSection(ProjectDependencies) = postProject
		{9E6C845A-09BC-3FE1-8BA1-926580B6C562} = {9E6C845A-09BC-3FE1-8BA1-926580B6C562}
		{3963C657-D66D-3C64-BDBF-EA50C3C26A15} = {3963C657-D66D-3C64-BDBF-EA50C3C26A15}
	EndProjectSection
EndProject
Project("{8BC9CEB8-8B4A-11D0-8D11-00A0C91BC942}") = "tf_parsing_ops", "tf_parsing_ops.vcxproj", "{AFEA1B2D-2ED5-34BF-8B7B-3B1AFAC43FD9}"
	ProjectSection(ProjectDependencies) = postProject
		{9E6C845A-09BC-3FE1-8BA1-926580B6C562} = {9E6C845A-09BC-3FE1-8BA1-926580B6C562}
		{3963C657-D66D-3C64-BDBF-EA50C3C26A15} = {3963C657-D66D-3C64-BDBF-EA50C3C26A15}
	EndProjectSection
EndProject
Project("{8BC9CEB8-8B4A-11D0-8D11-00A0C91BC942}") = "tf_protos_cc", "tf_protos_cc.vcxproj", "{7818457A-60ED-3961-B475-609E8676F2D5}"
	ProjectSection(ProjectDependencies) = postProject
		{9E6C845A-09BC-3FE1-8BA1-926580B6C562} = {9E6C845A-09BC-3FE1-8BA1-926580B6C562}
	EndProjectSection
EndProject
Project("{8BC9CEB8-8B4A-11D0-8D11-00A0C91BC942}") = "tf_random_ops", "tf_random_ops.vcxproj", "{8943F372-F494-3645-A7CF-4A9DB1D70AAA}"
	ProjectSection(ProjectDependencies) = postProject
		{9E6C845A-09BC-3FE1-8BA1-926580B6C562} = {9E6C845A-09BC-3FE1-8BA1-926580B6C562}
		{3963C657-D66D-3C64-BDBF-EA50C3C26A15} = {3963C657-D66D-3C64-BDBF-EA50C3C26A15}
	EndProjectSection
EndProject
Project("{8BC9CEB8-8B4A-11D0-8D11-00A0C91BC942}") = "tf_script_ops", "tf_script_ops.vcxproj", "{0B7F6839-8BE2-3CF0-ACCD-E21FA3CD0BD6}"
	ProjectSection(ProjectDependencies) = postProject
		{9E6C845A-09BC-3FE1-8BA1-926580B6C562} = {9E6C845A-09BC-3FE1-8BA1-926580B6C562}
		{3963C657-D66D-3C64-BDBF-EA50C3C26A15} = {3963C657-D66D-3C64-BDBF-EA50C3C26A15}
	EndProjectSection
EndProject
Project("{8BC9CEB8-8B4A-11D0-8D11-00A0C91BC942}") = "tf_sdca_ops", "tf_sdca_ops.vcxproj", "{91128EFA-5AAA-36E9-A6F6-D8FA7C24C13D}"
	ProjectSection(ProjectDependencies) = postProject
		{9E6C845A-09BC-3FE1-8BA1-926580B6C562} = {9E6C845A-09BC-3FE1-8BA1-926580B6C562}
		{3963C657-D66D-3C64-BDBF-EA50C3C26A15} = {3963C657-D66D-3C64-BDBF-EA50C3C26A15}
	EndProjectSection
EndProject
Project("{8BC9CEB8-8B4A-11D0-8D11-00A0C91BC942}") = "tf_sendrecv_ops", "tf_sendrecv_ops.vcxproj", "{8B9D7974-6950-38EA-A189-5AA3404B5A91}"
	ProjectSection(ProjectDependencies) = postProject
		{9E6C845A-09BC-3FE1-8BA1-926580B6C562} = {9E6C845A-09BC-3FE1-8BA1-926580B6C562}
		{3963C657-D66D-3C64-BDBF-EA50C3C26A15} = {3963C657-D66D-3C64-BDBF-EA50C3C26A15}
	EndProjectSection
EndProject
Project("{8BC9CEB8-8B4A-11D0-8D11-00A0C91BC942}") = "tf_sparse_ops", "tf_sparse_ops.vcxproj", "{5B91C4E9-2003-3F31-83EE-F0D2E044D1F7}"
	ProjectSection(ProjectDependencies) = postProject
		{9E6C845A-09BC-3FE1-8BA1-926580B6C562} = {9E6C845A-09BC-3FE1-8BA1-926580B6C562}
		{3963C657-D66D-3C64-BDBF-EA50C3C26A15} = {3963C657-D66D-3C64-BDBF-EA50C3C26A15}
	EndProjectSection
EndProject
Project("{8BC9CEB8-8B4A-11D0-8D11-00A0C91BC942}") = "tf_state_ops", "tf_state_ops.vcxproj", "{BCBD458A-61EC-362B-8257-6ED304A62E7C}"
	ProjectSection(ProjectDependencies) = postProject
		{9E6C845A-09BC-3FE1-8BA1-926580B6C562} = {9E6C845A-09BC-3FE1-8BA1-926580B6C562}
		{3963C657-D66D-3C64-BDBF-EA50C3C26A15} = {3963C657-D66D-3C64-BDBF-EA50C3C26A15}
	EndProjectSection
EndProject
Project("{8BC9CEB8-8B4A-11D0-8D11-00A0C91BC942}") = "tf_string_ops", "tf_string_ops.vcxproj", "{AFB36456-E942-36B5-85E7-FB75E0516D75}"
	ProjectSection(ProjectDependencies) = postProject
		{9E6C845A-09BC-3FE1-8BA1-926580B6C562} = {9E6C845A-09BC-3FE1-8BA1-926580B6C562}
		{3963C657-D66D-3C64-BDBF-EA50C3C26A15} = {3963C657-D66D-3C64-BDBF-EA50C3C26A15}
	EndProjectSection
EndProject
Project("{8BC9CEB8-8B4A-11D0-8D11-00A0C91BC942}") = "tf_training_ops", "tf_training_ops.vcxproj", "{8361FD8E-DBE2-36E9-B4A4-D944FB68484F}"
	ProjectSection(ProjectDependencies) = postProject
		{9E6C845A-09BC-3FE1-8BA1-926580B6C562} = {9E6C845A-09BC-3FE1-8BA1-926580B6C562}
		{3963C657-D66D-3C64-BDBF-EA50C3C26A15} = {3963C657-D66D-3C64-BDBF-EA50C3C26A15}
	EndProjectSection
EndProject
Project("{8BC9CEB8-8B4A-11D0-8D11-00A0C91BC942}") = "tf_tutorials_example_trainer", "tf_tutorials_example_trainer.vcxproj", "{55FE11AB-2B74-3B98-995C-2B1A0E53514A}"
	ProjectSection(ProjectDependencies) = postProject
		{9E6C845A-09BC-3FE1-8BA1-926580B6C562} = {9E6C845A-09BC-3FE1-8BA1-926580B6C562}
		{1D3473BC-A183-398F-B2B8-DDED6C32634C} = {1D3473BC-A183-398F-B2B8-DDED6C32634C}
		{F890997D-F91A-3FBD-AE91-FD5466AA6871} = {F890997D-F91A-3FBD-AE91-FD5466AA6871}
		{449BF3DB-55DC-3B86-84A3-18810BE81990} = {449BF3DB-55DC-3B86-84A3-18810BE81990}
		{37A9AABE-B96D-3C9E-9430-C71898960301} = {37A9AABE-B96D-3C9E-9430-C71898960301}
		{3963C657-D66D-3C64-BDBF-EA50C3C26A15} = {3963C657-D66D-3C64-BDBF-EA50C3C26A15}
		{1820D1C0-FFE9-32DF-9D0D-BECC66E41885} = {1820D1C0-FFE9-32DF-9D0D-BECC66E41885}
		{86A745E9-4DFE-3E54-9428-0488496D1AD8} = {86A745E9-4DFE-3E54-9428-0488496D1AD8}
		{2E3E3ADA-44F1-308F-BDAB-37BFDE055A0E} = {2E3E3ADA-44F1-308F-BDAB-37BFDE055A0E}
		{7818457A-60ED-3961-B475-609E8676F2D5} = {7818457A-60ED-3961-B475-609E8676F2D5}
	EndProjectSection
EndProject
Project("{8BC9CEB8-8B4A-11D0-8D11-00A0C91BC942}") = "tf_user_ops", "tf_user_ops.vcxproj", "{4CCFE51C-D433-39E5-BA52-0A2F5BC1C219}"
	ProjectSection(ProjectDependencies) = postProject
		{9E6C845A-09BC-3FE1-8BA1-926580B6C562} = {9E6C845A-09BC-3FE1-8BA1-926580B6C562}
		{3963C657-D66D-3C64-BDBF-EA50C3C26A15} = {3963C657-D66D-3C64-BDBF-EA50C3C26A15}
	EndProjectSection
EndProject
Project("{8BC9CEB8-8B4A-11D0-8D11-00A0C91BC942}") = "training_ops_gen_cc", "training_ops_gen_cc.vcxproj", "{57BC89CA-E103-3F95-AFA4-85645F61AA48}"
	ProjectSection(ProjectDependencies) = postProject
		{9E6C845A-09BC-3FE1-8BA1-926580B6C562} = {9E6C845A-09BC-3FE1-8BA1-926580B6C562}
		{A25853D8-9BC5-31C4-AADA-8BCB133B4216} = {A25853D8-9BC5-31C4-AADA-8BCB133B4216}
		{3963C657-D66D-3C64-BDBF-EA50C3C26A15} = {3963C657-D66D-3C64-BDBF-EA50C3C26A15}
		{86A745E9-4DFE-3E54-9428-0488496D1AD8} = {86A745E9-4DFE-3E54-9428-0488496D1AD8}
		{7818457A-60ED-3961-B475-609E8676F2D5} = {7818457A-60ED-3961-B475-609E8676F2D5}
		{8361FD8E-DBE2-36E9-B4A4-D944FB68484F} = {8361FD8E-DBE2-36E9-B4A4-D944FB68484F}
	EndProjectSection
EndProject
Project("{8BC9CEB8-8B4A-11D0-8D11-00A0C91BC942}") = "user_ops_gen_cc", "user_ops_gen_cc.vcxproj", "{42D573CC-2CC1-36D0-92D2-9247CBB0E2C9}"
	ProjectSection(ProjectDependencies) = postProject
		{9E6C845A-09BC-3FE1-8BA1-926580B6C562} = {9E6C845A-09BC-3FE1-8BA1-926580B6C562}
		{A25853D8-9BC5-31C4-AADA-8BCB133B4216} = {A25853D8-9BC5-31C4-AADA-8BCB133B4216}
		{3963C657-D66D-3C64-BDBF-EA50C3C26A15} = {3963C657-D66D-3C64-BDBF-EA50C3C26A15}
		{86A745E9-4DFE-3E54-9428-0488496D1AD8} = {86A745E9-4DFE-3E54-9428-0488496D1AD8}
		{7818457A-60ED-3961-B475-609E8676F2D5} = {7818457A-60ED-3961-B475-609E8676F2D5}
		{4CCFE51C-D433-39E5-BA52-0A2F5BC1C219} = {4CCFE51C-D433-39E5-BA52-0A2F5BC1C219}
	EndProjectSection
EndProject
Global
	GlobalSection(SolutionConfigurationPlatforms) = preSolution
		Debug|x64 = Debug|x64
		MinSizeRel|x64 = MinSizeRel|x64
		Release|x64 = Release|x64
		RelWithDebInfo|x64 = RelWithDebInfo|x64
	EndGlobalSection
	GlobalSection(ProjectConfigurationPlatforms) = postSolution
		{BEA6C92A-2473-38E6-83DA-EA28E44CADC7}.Debug|x64.ActiveCfg = Debug|x64
		{BEA6C92A-2473-38E6-83DA-EA28E44CADC7}.MinSizeRel|x64.ActiveCfg = MinSizeRel|x64
		{BEA6C92A-2473-38E6-83DA-EA28E44CADC7}.Release|x64.ActiveCfg = Release|x64
		{BEA6C92A-2473-38E6-83DA-EA28E44CADC7}.RelWithDebInfo|x64.ActiveCfg = RelWithDebInfo|x64
		{9E6C845A-09BC-3FE1-8BA1-926580B6C562}.Debug|x64.ActiveCfg = Debug|x64
		{9E6C845A-09BC-3FE1-8BA1-926580B6C562}.Debug|x64.Build.0 = Debug|x64
		{9E6C845A-09BC-3FE1-8BA1-926580B6C562}.MinSizeRel|x64.ActiveCfg = MinSizeRel|x64
		{9E6C845A-09BC-3FE1-8BA1-926580B6C562}.MinSizeRel|x64.Build.0 = MinSizeRel|x64
		{9E6C845A-09BC-3FE1-8BA1-926580B6C562}.Release|x64.ActiveCfg = Release|x64
		{9E6C845A-09BC-3FE1-8BA1-926580B6C562}.Release|x64.Build.0 = Release|x64
		{9E6C845A-09BC-3FE1-8BA1-926580B6C562}.RelWithDebInfo|x64.ActiveCfg = RelWithDebInfo|x64
		{9E6C845A-09BC-3FE1-8BA1-926580B6C562}.RelWithDebInfo|x64.Build.0 = RelWithDebInfo|x64
		{1D3473BC-A183-398F-B2B8-DDED6C32634C}.Debug|x64.ActiveCfg = Debug|x64
		{1D3473BC-A183-398F-B2B8-DDED6C32634C}.Debug|x64.Build.0 = Debug|x64
		{1D3473BC-A183-398F-B2B8-DDED6C32634C}.MinSizeRel|x64.ActiveCfg = MinSizeRel|x64
		{1D3473BC-A183-398F-B2B8-DDED6C32634C}.MinSizeRel|x64.Build.0 = MinSizeRel|x64
		{1D3473BC-A183-398F-B2B8-DDED6C32634C}.Release|x64.ActiveCfg = Release|x64
		{1D3473BC-A183-398F-B2B8-DDED6C32634C}.Release|x64.Build.0 = Release|x64
		{1D3473BC-A183-398F-B2B8-DDED6C32634C}.RelWithDebInfo|x64.ActiveCfg = RelWithDebInfo|x64
		{1D3473BC-A183-398F-B2B8-DDED6C32634C}.RelWithDebInfo|x64.Build.0 = RelWithDebInfo|x64
		{A25853D8-9BC5-31C4-AADA-8BCB133B4216}.Debug|x64.ActiveCfg = Debug|x64
		{A25853D8-9BC5-31C4-AADA-8BCB133B4216}.Debug|x64.Build.0 = Debug|x64
		{A25853D8-9BC5-31C4-AADA-8BCB133B4216}.MinSizeRel|x64.ActiveCfg = MinSizeRel|x64
		{A25853D8-9BC5-31C4-AADA-8BCB133B4216}.MinSizeRel|x64.Build.0 = MinSizeRel|x64
		{A25853D8-9BC5-31C4-AADA-8BCB133B4216}.Release|x64.ActiveCfg = Release|x64
		{A25853D8-9BC5-31C4-AADA-8BCB133B4216}.Release|x64.Build.0 = Release|x64
		{A25853D8-9BC5-31C4-AADA-8BCB133B4216}.RelWithDebInfo|x64.ActiveCfg = RelWithDebInfo|x64
		{A25853D8-9BC5-31C4-AADA-8BCB133B4216}.RelWithDebInfo|x64.Build.0 = RelWithDebInfo|x64
		{F890997D-F91A-3FBD-AE91-FD5466AA6871}.Debug|x64.ActiveCfg = Debug|x64
		{F890997D-F91A-3FBD-AE91-FD5466AA6871}.Debug|x64.Build.0 = Debug|x64
		{F890997D-F91A-3FBD-AE91-FD5466AA6871}.MinSizeRel|x64.ActiveCfg = MinSizeRel|x64
		{F890997D-F91A-3FBD-AE91-FD5466AA6871}.MinSizeRel|x64.Build.0 = MinSizeRel|x64
		{F890997D-F91A-3FBD-AE91-FD5466AA6871}.Release|x64.ActiveCfg = Release|x64
		{F890997D-F91A-3FBD-AE91-FD5466AA6871}.Release|x64.Build.0 = Release|x64
		{F890997D-F91A-3FBD-AE91-FD5466AA6871}.RelWithDebInfo|x64.ActiveCfg = RelWithDebInfo|x64
		{F890997D-F91A-3FBD-AE91-FD5466AA6871}.RelWithDebInfo|x64.Build.0 = RelWithDebInfo|x64
		{D1865427-885B-3C06-9877-E830B8878646}.Debug|x64.ActiveCfg = Debug|x64
		{D1865427-885B-3C06-9877-E830B8878646}.Debug|x64.Build.0 = Debug|x64
		{D1865427-885B-3C06-9877-E830B8878646}.MinSizeRel|x64.ActiveCfg = MinSizeRel|x64
		{D1865427-885B-3C06-9877-E830B8878646}.MinSizeRel|x64.Build.0 = MinSizeRel|x64
		{D1865427-885B-3C06-9877-E830B8878646}.Release|x64.ActiveCfg = Release|x64
		{D1865427-885B-3C06-9877-E830B8878646}.Release|x64.Build.0 = Release|x64
		{D1865427-885B-3C06-9877-E830B8878646}.RelWithDebInfo|x64.ActiveCfg = RelWithDebInfo|x64
		{D1865427-885B-3C06-9877-E830B8878646}.RelWithDebInfo|x64.Build.0 = RelWithDebInfo|x64
		{449BF3DB-55DC-3B86-84A3-18810BE81990}.Debug|x64.ActiveCfg = Debug|x64
		{449BF3DB-55DC-3B86-84A3-18810BE81990}.Debug|x64.Build.0 = Debug|x64
		{449BF3DB-55DC-3B86-84A3-18810BE81990}.MinSizeRel|x64.ActiveCfg = MinSizeRel|x64
		{449BF3DB-55DC-3B86-84A3-18810BE81990}.MinSizeRel|x64.Build.0 = MinSizeRel|x64
		{449BF3DB-55DC-3B86-84A3-18810BE81990}.Release|x64.ActiveCfg = Release|x64
		{449BF3DB-55DC-3B86-84A3-18810BE81990}.Release|x64.Build.0 = Release|x64
		{449BF3DB-55DC-3B86-84A3-18810BE81990}.RelWithDebInfo|x64.ActiveCfg = RelWithDebInfo|x64
		{449BF3DB-55DC-3B86-84A3-18810BE81990}.RelWithDebInfo|x64.Build.0 = RelWithDebInfo|x64
		{37A9AABE-B96D-3C9E-9430-C71898960301}.Debug|x64.ActiveCfg = Debug|x64
		{37A9AABE-B96D-3C9E-9430-C71898960301}.Debug|x64.Build.0 = Debug|x64
		{37A9AABE-B96D-3C9E-9430-C71898960301}.MinSizeRel|x64.ActiveCfg = MinSizeRel|x64
		{37A9AABE-B96D-3C9E-9430-C71898960301}.MinSizeRel|x64.Build.0 = MinSizeRel|x64
		{37A9AABE-B96D-3C9E-9430-C71898960301}.Release|x64.ActiveCfg = Release|x64
		{37A9AABE-B96D-3C9E-9430-C71898960301}.Release|x64.Build.0 = Release|x64
		{37A9AABE-B96D-3C9E-9430-C71898960301}.RelWithDebInfo|x64.ActiveCfg = RelWithDebInfo|x64
		{37A9AABE-B96D-3C9E-9430-C71898960301}.RelWithDebInfo|x64.Build.0 = RelWithDebInfo|x64
		{3D929C94-BD74-3C95-B103-DFA51820B6F2}.Debug|x64.ActiveCfg = Debug|x64
		{3D929C94-BD74-3C95-B103-DFA51820B6F2}.Debug|x64.Build.0 = Debug|x64
		{3D929C94-BD74-3C95-B103-DFA51820B6F2}.MinSizeRel|x64.ActiveCfg = MinSizeRel|x64
		{3D929C94-BD74-3C95-B103-DFA51820B6F2}.MinSizeRel|x64.Build.0 = MinSizeRel|x64
		{3D929C94-BD74-3C95-B103-DFA51820B6F2}.Release|x64.ActiveCfg = Release|x64
		{3D929C94-BD74-3C95-B103-DFA51820B6F2}.Release|x64.Build.0 = Release|x64
		{3D929C94-BD74-3C95-B103-DFA51820B6F2}.RelWithDebInfo|x64.ActiveCfg = RelWithDebInfo|x64
		{3D929C94-BD74-3C95-B103-DFA51820B6F2}.RelWithDebInfo|x64.Build.0 = RelWithDebInfo|x64
		{3963C657-D66D-3C64-BDBF-EA50C3C26A15}.Debug|x64.ActiveCfg = Debug|x64
		{3963C657-D66D-3C64-BDBF-EA50C3C26A15}.Debug|x64.Build.0 = Debug|x64
		{3963C657-D66D-3C64-BDBF-EA50C3C26A15}.MinSizeRel|x64.ActiveCfg = MinSizeRel|x64
		{3963C657-D66D-3C64-BDBF-EA50C3C26A15}.MinSizeRel|x64.Build.0 = MinSizeRel|x64
		{3963C657-D66D-3C64-BDBF-EA50C3C26A15}.Release|x64.ActiveCfg = Release|x64
		{3963C657-D66D-3C64-BDBF-EA50C3C26A15}.Release|x64.Build.0 = Release|x64
		{3963C657-D66D-3C64-BDBF-EA50C3C26A15}.RelWithDebInfo|x64.ActiveCfg = RelWithDebInfo|x64
		{3963C657-D66D-3C64-BDBF-EA50C3C26A15}.RelWithDebInfo|x64.Build.0 = RelWithDebInfo|x64
		{1820D1C0-FFE9-32DF-9D0D-BECC66E41885}.Debug|x64.ActiveCfg = Debug|x64
		{1820D1C0-FFE9-32DF-9D0D-BECC66E41885}.Debug|x64.Build.0 = Debug|x64
		{1820D1C0-FFE9-32DF-9D0D-BECC66E41885}.MinSizeRel|x64.ActiveCfg = MinSizeRel|x64
		{1820D1C0-FFE9-32DF-9D0D-BECC66E41885}.MinSizeRel|x64.Build.0 = MinSizeRel|x64
		{1820D1C0-FFE9-32DF-9D0D-BECC66E41885}.Release|x64.ActiveCfg = Release|x64
		{1820D1C0-FFE9-32DF-9D0D-BECC66E41885}.Release|x64.Build.0 = Release|x64
		{1820D1C0-FFE9-32DF-9D0D-BECC66E41885}.RelWithDebInfo|x64.ActiveCfg = RelWithDebInfo|x64
		{1820D1C0-FFE9-32DF-9D0D-BECC66E41885}.RelWithDebInfo|x64.Build.0 = RelWithDebInfo|x64
		{86A745E9-4DFE-3E54-9428-0488496D1AD8}.Debug|x64.ActiveCfg = Debug|x64
		{86A745E9-4DFE-3E54-9428-0488496D1AD8}.Debug|x64.Build.0 = Debug|x64
		{86A745E9-4DFE-3E54-9428-0488496D1AD8}.MinSizeRel|x64.ActiveCfg = MinSizeRel|x64
		{86A745E9-4DFE-3E54-9428-0488496D1AD8}.MinSizeRel|x64.Build.0 = MinSizeRel|x64
		{86A745E9-4DFE-3E54-9428-0488496D1AD8}.Release|x64.ActiveCfg = Release|x64
		{86A745E9-4DFE-3E54-9428-0488496D1AD8}.Release|x64.Build.0 = Release|x64
		{86A745E9-4DFE-3E54-9428-0488496D1AD8}.RelWithDebInfo|x64.ActiveCfg = RelWithDebInfo|x64
		{86A745E9-4DFE-3E54-9428-0488496D1AD8}.RelWithDebInfo|x64.Build.0 = RelWithDebInfo|x64
		{2E3E3ADA-44F1-308F-BDAB-37BFDE055A0E}.Debug|x64.ActiveCfg = Debug|x64
		{2E3E3ADA-44F1-308F-BDAB-37BFDE055A0E}.Debug|x64.Build.0 = Debug|x64
		{2E3E3ADA-44F1-308F-BDAB-37BFDE055A0E}.MinSizeRel|x64.ActiveCfg = MinSizeRel|x64
		{2E3E3ADA-44F1-308F-BDAB-37BFDE055A0E}.MinSizeRel|x64.Build.0 = MinSizeRel|x64
		{2E3E3ADA-44F1-308F-BDAB-37BFDE055A0E}.Release|x64.ActiveCfg = Release|x64
		{2E3E3ADA-44F1-308F-BDAB-37BFDE055A0E}.Release|x64.Build.0 = Release|x64
		{2E3E3ADA-44F1-308F-BDAB-37BFDE055A0E}.RelWithDebInfo|x64.ActiveCfg = RelWithDebInfo|x64
		{2E3E3ADA-44F1-308F-BDAB-37BFDE055A0E}.RelWithDebInfo|x64.Build.0 = RelWithDebInfo|x64
		{239CAE9B-8367-310E-BC00-5CD2CF8E4E9F}.Debug|x64.ActiveCfg = Debug|x64
		{239CAE9B-8367-310E-BC00-5CD2CF8E4E9F}.Debug|x64.Build.0 = Debug|x64
		{239CAE9B-8367-310E-BC00-5CD2CF8E4E9F}.MinSizeRel|x64.ActiveCfg = MinSizeRel|x64
		{239CAE9B-8367-310E-BC00-5CD2CF8E4E9F}.MinSizeRel|x64.Build.0 = MinSizeRel|x64
		{239CAE9B-8367-310E-BC00-5CD2CF8E4E9F}.Release|x64.ActiveCfg = Release|x64
		{239CAE9B-8367-310E-BC00-5CD2CF8E4E9F}.Release|x64.Build.0 = Release|x64
		{239CAE9B-8367-310E-BC00-5CD2CF8E4E9F}.RelWithDebInfo|x64.ActiveCfg = RelWithDebInfo|x64
		{239CAE9B-8367-310E-BC00-5CD2CF8E4E9F}.RelWithDebInfo|x64.Build.0 = RelWithDebInfo|x64
		{FA0163E1-2539-3A71-987F-7828B4F4FDF6}.Debug|x64.ActiveCfg = Debug|x64
		{FA0163E1-2539-3A71-987F-7828B4F4FDF6}.Debug|x64.Build.0 = Debug|x64
		{FA0163E1-2539-3A71-987F-7828B4F4FDF6}.MinSizeRel|x64.ActiveCfg = MinSizeRel|x64
		{FA0163E1-2539-3A71-987F-7828B4F4FDF6}.MinSizeRel|x64.Build.0 = MinSizeRel|x64
		{FA0163E1-2539-3A71-987F-7828B4F4FDF6}.Release|x64.ActiveCfg = Release|x64
		{FA0163E1-2539-3A71-987F-7828B4F4FDF6}.Release|x64.Build.0 = Release|x64
		{FA0163E1-2539-3A71-987F-7828B4F4FDF6}.RelWithDebInfo|x64.ActiveCfg = RelWithDebInfo|x64
		{FA0163E1-2539-3A71-987F-7828B4F4FDF6}.RelWithDebInfo|x64.Build.0 = RelWithDebInfo|x64
		{2FFC2501-0174-3F23-B10E-84C5162B3513}.Debug|x64.ActiveCfg = Debug|x64
		{2FFC2501-0174-3F23-B10E-84C5162B3513}.Debug|x64.Build.0 = Debug|x64
		{2FFC2501-0174-3F23-B10E-84C5162B3513}.MinSizeRel|x64.ActiveCfg = MinSizeRel|x64
		{2FFC2501-0174-3F23-B10E-84C5162B3513}.MinSizeRel|x64.Build.0 = MinSizeRel|x64
		{2FFC2501-0174-3F23-B10E-84C5162B3513}.Release|x64.ActiveCfg = Release|x64
		{2FFC2501-0174-3F23-B10E-84C5162B3513}.Release|x64.Build.0 = Release|x64
		{2FFC2501-0174-3F23-B10E-84C5162B3513}.RelWithDebInfo|x64.ActiveCfg = RelWithDebInfo|x64
		{2FFC2501-0174-3F23-B10E-84C5162B3513}.RelWithDebInfo|x64.Build.0 = RelWithDebInfo|x64
		{1986F08A-0634-3DA3-BBF4-6685D808866D}.Debug|x64.ActiveCfg = Debug|x64
		{1986F08A-0634-3DA3-BBF4-6685D808866D}.Debug|x64.Build.0 = Debug|x64
		{1986F08A-0634-3DA3-BBF4-6685D808866D}.MinSizeRel|x64.ActiveCfg = MinSizeRel|x64
		{1986F08A-0634-3DA3-BBF4-6685D808866D}.MinSizeRel|x64.Build.0 = MinSizeRel|x64
		{1986F08A-0634-3DA3-BBF4-6685D808866D}.Release|x64.ActiveCfg = Release|x64
		{1986F08A-0634-3DA3-BBF4-6685D808866D}.Release|x64.Build.0 = Release|x64
		{1986F08A-0634-3DA3-BBF4-6685D808866D}.RelWithDebInfo|x64.ActiveCfg = RelWithDebInfo|x64
		{1986F08A-0634-3DA3-BBF4-6685D808866D}.RelWithDebInfo|x64.Build.0 = RelWithDebInfo|x64
		{AC71F520-D6A1-3B0B-95FC-24A2EFF452EF}.Debug|x64.ActiveCfg = Debug|x64
		{AC71F520-D6A1-3B0B-95FC-24A2EFF452EF}.Debug|x64.Build.0 = Debug|x64
		{AC71F520-D6A1-3B0B-95FC-24A2EFF452EF}.MinSizeRel|x64.ActiveCfg = MinSizeRel|x64
		{AC71F520-D6A1-3B0B-95FC-24A2EFF452EF}.MinSizeRel|x64.Build.0 = MinSizeRel|x64
		{AC71F520-D6A1-3B0B-95FC-24A2EFF452EF}.Release|x64.ActiveCfg = Release|x64
		{AC71F520-D6A1-3B0B-95FC-24A2EFF452EF}.Release|x64.Build.0 = Release|x64
		{AC71F520-D6A1-3B0B-95FC-24A2EFF452EF}.RelWithDebInfo|x64.ActiveCfg = RelWithDebInfo|x64
		{AC71F520-D6A1-3B0B-95FC-24A2EFF452EF}.RelWithDebInfo|x64.Build.0 = RelWithDebInfo|x64
		{1B998855-2F28-320E-A798-AF5008E22112}.Debug|x64.ActiveCfg = Debug|x64
		{1B998855-2F28-320E-A798-AF5008E22112}.Debug|x64.Build.0 = Debug|x64
		{1B998855-2F28-320E-A798-AF5008E22112}.MinSizeRel|x64.ActiveCfg = MinSizeRel|x64
		{1B998855-2F28-320E-A798-AF5008E22112}.MinSizeRel|x64.Build.0 = MinSizeRel|x64
		{1B998855-2F28-320E-A798-AF5008E22112}.Release|x64.ActiveCfg = Release|x64
		{1B998855-2F28-320E-A798-AF5008E22112}.Release|x64.Build.0 = Release|x64
		{1B998855-2F28-320E-A798-AF5008E22112}.RelWithDebInfo|x64.ActiveCfg = RelWithDebInfo|x64
		{1B998855-2F28-320E-A798-AF5008E22112}.RelWithDebInfo|x64.Build.0 = RelWithDebInfo|x64
		{4811B9A4-5A2F-382E-8034-45F4F45AFB96}.Debug|x64.ActiveCfg = Debug|x64
		{4811B9A4-5A2F-382E-8034-45F4F45AFB96}.Debug|x64.Build.0 = Debug|x64
		{4811B9A4-5A2F-382E-8034-45F4F45AFB96}.MinSizeRel|x64.ActiveCfg = MinSizeRel|x64
		{4811B9A4-5A2F-382E-8034-45F4F45AFB96}.MinSizeRel|x64.Build.0 = MinSizeRel|x64
		{4811B9A4-5A2F-382E-8034-45F4F45AFB96}.Release|x64.ActiveCfg = Release|x64
		{4811B9A4-5A2F-382E-8034-45F4F45AFB96}.Release|x64.Build.0 = Release|x64
		{4811B9A4-5A2F-382E-8034-45F4F45AFB96}.RelWithDebInfo|x64.ActiveCfg = RelWithDebInfo|x64
		{4811B9A4-5A2F-382E-8034-45F4F45AFB96}.RelWithDebInfo|x64.Build.0 = RelWithDebInfo|x64
		{1D324514-E514-3FE0-AAB5-C8DC9B699599}.Debug|x64.ActiveCfg = Debug|x64
		{1D324514-E514-3FE0-AAB5-C8DC9B699599}.Debug|x64.Build.0 = Debug|x64
		{1D324514-E514-3FE0-AAB5-C8DC9B699599}.MinSizeRel|x64.ActiveCfg = MinSizeRel|x64
		{1D324514-E514-3FE0-AAB5-C8DC9B699599}.MinSizeRel|x64.Build.0 = MinSizeRel|x64
		{1D324514-E514-3FE0-AAB5-C8DC9B699599}.Release|x64.ActiveCfg = Release|x64
		{1D324514-E514-3FE0-AAB5-C8DC9B699599}.Release|x64.Build.0 = Release|x64
		{1D324514-E514-3FE0-AAB5-C8DC9B699599}.RelWithDebInfo|x64.ActiveCfg = RelWithDebInfo|x64
		{1D324514-E514-3FE0-AAB5-C8DC9B699599}.RelWithDebInfo|x64.Build.0 = RelWithDebInfo|x64
		{14DA8756-3BE4-3E1D-9158-DA0A5A4FF4A2}.Debug|x64.ActiveCfg = Debug|x64
		{14DA8756-3BE4-3E1D-9158-DA0A5A4FF4A2}.Debug|x64.Build.0 = Debug|x64
		{14DA8756-3BE4-3E1D-9158-DA0A5A4FF4A2}.MinSizeRel|x64.ActiveCfg = MinSizeRel|x64
		{14DA8756-3BE4-3E1D-9158-DA0A5A4FF4A2}.MinSizeRel|x64.Build.0 = MinSizeRel|x64
		{14DA8756-3BE4-3E1D-9158-DA0A5A4FF4A2}.Release|x64.ActiveCfg = Release|x64
		{14DA8756-3BE4-3E1D-9158-DA0A5A4FF4A2}.Release|x64.Build.0 = Release|x64
		{14DA8756-3BE4-3E1D-9158-DA0A5A4FF4A2}.RelWithDebInfo|x64.ActiveCfg = RelWithDebInfo|x64
		{14DA8756-3BE4-3E1D-9158-DA0A5A4FF4A2}.RelWithDebInfo|x64.Build.0 = RelWithDebInfo|x64
		{F1E74E01-561B-36F7-BF1F-FE019E45E9D6}.Debug|x64.ActiveCfg = Debug|x64
		{F1E74E01-561B-36F7-BF1F-FE019E45E9D6}.Debug|x64.Build.0 = Debug|x64
		{F1E74E01-561B-36F7-BF1F-FE019E45E9D6}.MinSizeRel|x64.ActiveCfg = MinSizeRel|x64
		{F1E74E01-561B-36F7-BF1F-FE019E45E9D6}.MinSizeRel|x64.Build.0 = MinSizeRel|x64
		{F1E74E01-561B-36F7-BF1F-FE019E45E9D6}.Release|x64.ActiveCfg = Release|x64
		{F1E74E01-561B-36F7-BF1F-FE019E45E9D6}.Release|x64.Build.0 = Release|x64
		{F1E74E01-561B-36F7-BF1F-FE019E45E9D6}.RelWithDebInfo|x64.ActiveCfg = RelWithDebInfo|x64
		{F1E74E01-561B-36F7-BF1F-FE019E45E9D6}.RelWithDebInfo|x64.Build.0 = RelWithDebInfo|x64
		{5D5B9FC2-26F7-332A-B93D-A583370FBA95}.Debug|x64.ActiveCfg = Debug|x64
		{5D5B9FC2-26F7-332A-B93D-A583370FBA95}.Debug|x64.Build.0 = Debug|x64
		{5D5B9FC2-26F7-332A-B93D-A583370FBA95}.MinSizeRel|x64.ActiveCfg = MinSizeRel|x64
		{5D5B9FC2-26F7-332A-B93D-A583370FBA95}.MinSizeRel|x64.Build.0 = MinSizeRel|x64
		{5D5B9FC2-26F7-332A-B93D-A583370FBA95}.Release|x64.ActiveCfg = Release|x64
		{5D5B9FC2-26F7-332A-B93D-A583370FBA95}.Release|x64.Build.0 = Release|x64
		{5D5B9FC2-26F7-332A-B93D-A583370FBA95}.RelWithDebInfo|x64.ActiveCfg = RelWithDebInfo|x64
		{5D5B9FC2-26F7-332A-B93D-A583370FBA95}.RelWithDebInfo|x64.Build.0 = RelWithDebInfo|x64
		{1600A11B-8D96-3A8D-B53E-7CEBB1C12E53}.Debug|x64.ActiveCfg = Debug|x64
		{1600A11B-8D96-3A8D-B53E-7CEBB1C12E53}.Debug|x64.Build.0 = Debug|x64
		{1600A11B-8D96-3A8D-B53E-7CEBB1C12E53}.MinSizeRel|x64.ActiveCfg = MinSizeRel|x64
		{1600A11B-8D96-3A8D-B53E-7CEBB1C12E53}.MinSizeRel|x64.Build.0 = MinSizeRel|x64
		{1600A11B-8D96-3A8D-B53E-7CEBB1C12E53}.Release|x64.ActiveCfg = Release|x64
		{1600A11B-8D96-3A8D-B53E-7CEBB1C12E53}.Release|x64.Build.0 = Release|x64
		{1600A11B-8D96-3A8D-B53E-7CEBB1C12E53}.RelWithDebInfo|x64.ActiveCfg = RelWithDebInfo|x64
		{1600A11B-8D96-3A8D-B53E-7CEBB1C12E53}.RelWithDebInfo|x64.Build.0 = RelWithDebInfo|x64
		{AFEA1B2D-2ED5-34BF-8B7B-3B1AFAC43FD9}.Debug|x64.ActiveCfg = Debug|x64
		{AFEA1B2D-2ED5-34BF-8B7B-3B1AFAC43FD9}.Debug|x64.Build.0 = Debug|x64
		{AFEA1B2D-2ED5-34BF-8B7B-3B1AFAC43FD9}.MinSizeRel|x64.ActiveCfg = MinSizeRel|x64
		{AFEA1B2D-2ED5-34BF-8B7B-3B1AFAC43FD9}.MinSizeRel|x64.Build.0 = MinSizeRel|x64
		{AFEA1B2D-2ED5-34BF-8B7B-3B1AFAC43FD9}.Release|x64.ActiveCfg = Release|x64
		{AFEA1B2D-2ED5-34BF-8B7B-3B1AFAC43FD9}.Release|x64.Build.0 = Release|x64
		{AFEA1B2D-2ED5-34BF-8B7B-3B1AFAC43FD9}.RelWithDebInfo|x64.ActiveCfg = RelWithDebInfo|x64
		{AFEA1B2D-2ED5-34BF-8B7B-3B1AFAC43FD9}.RelWithDebInfo|x64.Build.0 = RelWithDebInfo|x64
		{7818457A-60ED-3961-B475-609E8676F2D5}.Debug|x64.ActiveCfg = Debug|x64
		{7818457A-60ED-3961-B475-609E8676F2D5}.Debug|x64.Build.0 = Debug|x64
		{7818457A-60ED-3961-B475-609E8676F2D5}.MinSizeRel|x64.ActiveCfg = MinSizeRel|x64
		{7818457A-60ED-3961-B475-609E8676F2D5}.MinSizeRel|x64.Build.0 = MinSizeRel|x64
		{7818457A-60ED-3961-B475-609E8676F2D5}.Release|x64.ActiveCfg = Release|x64
		{7818457A-60ED-3961-B475-609E8676F2D5}.Release|x64.Build.0 = Release|x64
		{7818457A-60ED-3961-B475-609E8676F2D5}.RelWithDebInfo|x64.ActiveCfg = RelWithDebInfo|x64
		{7818457A-60ED-3961-B475-609E8676F2D5}.RelWithDebInfo|x64.Build.0 = RelWithDebInfo|x64
		{8943F372-F494-3645-A7CF-4A9DB1D70AAA}.Debug|x64.ActiveCfg = Debug|x64
		{8943F372-F494-3645-A7CF-4A9DB1D70AAA}.Debug|x64.Build.0 = Debug|x64
		{8943F372-F494-3645-A7CF-4A9DB1D70AAA}.MinSizeRel|x64.ActiveCfg = MinSizeRel|x64
		{8943F372-F494-3645-A7CF-4A9DB1D70AAA}.MinSizeRel|x64.Build.0 = MinSizeRel|x64
		{8943F372-F494-3645-A7CF-4A9DB1D70AAA}.Release|x64.ActiveCfg = Release|x64
		{8943F372-F494-3645-A7CF-4A9DB1D70AAA}.Release|x64.Build.0 = Release|x64
		{8943F372-F494-3645-A7CF-4A9DB1D70AAA}.RelWithDebInfo|x64.ActiveCfg = RelWithDebInfo|x64
		{8943F372-F494-3645-A7CF-4A9DB1D70AAA}.RelWithDebInfo|x64.Build.0 = RelWithDebInfo|x64
		{0B7F6839-8BE2-3CF0-ACCD-E21FA3CD0BD6}.Debug|x64.ActiveCfg = Debug|x64
		{0B7F6839-8BE2-3CF0-ACCD-E21FA3CD0BD6}.Debug|x64.Build.0 = Debug|x64
		{0B7F6839-8BE2-3CF0-ACCD-E21FA3CD0BD6}.MinSizeRel|x64.ActiveCfg = MinSizeRel|x64
		{0B7F6839-8BE2-3CF0-ACCD-E21FA3CD0BD6}.MinSizeRel|x64.Build.0 = MinSizeRel|x64
		{0B7F6839-8BE2-3CF0-ACCD-E21FA3CD0BD6}.Release|x64.ActiveCfg = Release|x64
		{0B7F6839-8BE2-3CF0-ACCD-E21FA3CD0BD6}.Release|x64.Build.0 = Release|x64
		{0B7F6839-8BE2-3CF0-ACCD-E21FA3CD0BD6}.RelWithDebInfo|x64.ActiveCfg = RelWithDebInfo|x64
		{0B7F6839-8BE2-3CF0-ACCD-E21FA3CD0BD6}.RelWithDebInfo|x64.Build.0 = RelWithDebInfo|x64
		{91128EFA-5AAA-36E9-A6F6-D8FA7C24C13D}.Debug|x64.ActiveCfg = Debug|x64
		{91128EFA-5AAA-36E9-A6F6-D8FA7C24C13D}.Debug|x64.Build.0 = Debug|x64
		{91128EFA-5AAA-36E9-A6F6-D8FA7C24C13D}.MinSizeRel|x64.ActiveCfg = MinSizeRel|x64
		{91128EFA-5AAA-36E9-A6F6-D8FA7C24C13D}.MinSizeRel|x64.Build.0 = MinSizeRel|x64
		{91128EFA-5AAA-36E9-A6F6-D8FA7C24C13D}.Release|x64.ActiveCfg = Release|x64
		{91128EFA-5AAA-36E9-A6F6-D8FA7C24C13D}.Release|x64.Build.0 = Release|x64
		{91128EFA-5AAA-36E9-A6F6-D8FA7C24C13D}.RelWithDebInfo|x64.ActiveCfg = RelWithDebInfo|x64
		{91128EFA-5AAA-36E9-A6F6-D8FA7C24C13D}.RelWithDebInfo|x64.Build.0 = RelWithDebInfo|x64
		{8B9D7974-6950-38EA-A189-5AA3404B5A91}.Debug|x64.ActiveCfg = Debug|x64
		{8B9D7974-6950-38EA-A189-5AA3404B5A91}.Debug|x64.Build.0 = Debug|x64
		{8B9D7974-6950-38EA-A189-5AA3404B5A91}.MinSizeRel|x64.ActiveCfg = MinSizeRel|x64
		{8B9D7974-6950-38EA-A189-5AA3404B5A91}.MinSizeRel|x64.Build.0 = MinSizeRel|x64
		{8B9D7974-6950-38EA-A189-5AA3404B5A91}.Release|x64.ActiveCfg = Release|x64
		{8B9D7974-6950-38EA-A189-5AA3404B5A91}.Release|x64.Build.0 = Release|x64
		{8B9D7974-6950-38EA-A189-5AA3404B5A91}.RelWithDebInfo|x64.ActiveCfg = RelWithDebInfo|x64
		{8B9D7974-6950-38EA-A189-5AA3404B5A91}.RelWithDebInfo|x64.Build.0 = RelWithDebInfo|x64
		{5B91C4E9-2003-3F31-83EE-F0D2E044D1F7}.Debug|x64.ActiveCfg = Debug|x64
		{5B91C4E9-2003-3F31-83EE-F0D2E044D1F7}.Debug|x64.Build.0 = Debug|x64
		{5B91C4E9-2003-3F31-83EE-F0D2E044D1F7}.MinSizeRel|x64.ActiveCfg = MinSizeRel|x64
		{5B91C4E9-2003-3F31-83EE-F0D2E044D1F7}.MinSizeRel|x64.Build.0 = MinSizeRel|x64
		{5B91C4E9-2003-3F31-83EE-F0D2E044D1F7}.Release|x64.ActiveCfg = Release|x64
		{5B91C4E9-2003-3F31-83EE-F0D2E044D1F7}.Release|x64.Build.0 = Release|x64
		{5B91C4E9-2003-3F31-83EE-F0D2E044D1F7}.RelWithDebInfo|x64.ActiveCfg = RelWithDebInfo|x64
		{5B91C4E9-2003-3F31-83EE-F0D2E044D1F7}.RelWithDebInfo|x64.Build.0 = RelWithDebInfo|x64
		{BCBD458A-61EC-362B-8257-6ED304A62E7C}.Debug|x64.ActiveCfg = Debug|x64
		{BCBD458A-61EC-362B-8257-6ED304A62E7C}.Debug|x64.Build.0 = Debug|x64
		{BCBD458A-61EC-362B-8257-6ED304A62E7C}.MinSizeRel|x64.ActiveCfg = MinSizeRel|x64
		{BCBD458A-61EC-362B-8257-6ED304A62E7C}.MinSizeRel|x64.Build.0 = MinSizeRel|x64
		{BCBD458A-61EC-362B-8257-6ED304A62E7C}.Release|x64.ActiveCfg = Release|x64
		{BCBD458A-61EC-362B-8257-6ED304A62E7C}.Release|x64.Build.0 = Release|x64
		{BCBD458A-61EC-362B-8257-6ED304A62E7C}.RelWithDebInfo|x64.ActiveCfg = RelWithDebInfo|x64
		{BCBD458A-61EC-362B-8257-6ED304A62E7C}.RelWithDebInfo|x64.Build.0 = RelWithDebInfo|x64
		{AFB36456-E942-36B5-85E7-FB75E0516D75}.Debug|x64.ActiveCfg = Debug|x64
		{AFB36456-E942-36B5-85E7-FB75E0516D75}.Debug|x64.Build.0 = Debug|x64
		{AFB36456-E942-36B5-85E7-FB75E0516D75}.MinSizeRel|x64.ActiveCfg = MinSizeRel|x64
		{AFB36456-E942-36B5-85E7-FB75E0516D75}.MinSizeRel|x64.Build.0 = MinSizeRel|x64
		{AFB36456-E942-36B5-85E7-FB75E0516D75}.Release|x64.ActiveCfg = Release|x64
		{AFB36456-E942-36B5-85E7-FB75E0516D75}.Release|x64.Build.0 = Release|x64
		{AFB36456-E942-36B5-85E7-FB75E0516D75}.RelWithDebInfo|x64.ActiveCfg = RelWithDebInfo|x64
		{AFB36456-E942-36B5-85E7-FB75E0516D75}.RelWithDebInfo|x64.Build.0 = RelWithDebInfo|x64
		{8361FD8E-DBE2-36E9-B4A4-D944FB68484F}.Debug|x64.ActiveCfg = Debug|x64
		{8361FD8E-DBE2-36E9-B4A4-D944FB68484F}.Debug|x64.Build.0 = Debug|x64
		{8361FD8E-DBE2-36E9-B4A4-D944FB68484F}.MinSizeRel|x64.ActiveCfg = MinSizeRel|x64
		{8361FD8E-DBE2-36E9-B4A4-D944FB68484F}.MinSizeRel|x64.Build.0 = MinSizeRel|x64
		{8361FD8E-DBE2-36E9-B4A4-D944FB68484F}.Release|x64.ActiveCfg = Release|x64
		{8361FD8E-DBE2-36E9-B4A4-D944FB68484F}.Release|x64.Build.0 = Release|x64
		{8361FD8E-DBE2-36E9-B4A4-D944FB68484F}.RelWithDebInfo|x64.ActiveCfg = RelWithDebInfo|x64
		{8361FD8E-DBE2-36E9-B4A4-D944FB68484F}.RelWithDebInfo|x64.Build.0 = RelWithDebInfo|x64
		{55FE11AB-2B74-3B98-995C-2B1A0E53514A}.Debug|x64.ActiveCfg = Debug|x64
		{55FE11AB-2B74-3B98-995C-2B1A0E53514A}.Debug|x64.Build.0 = Debug|x64
		{55FE11AB-2B74-3B98-995C-2B1A0E53514A}.MinSizeRel|x64.ActiveCfg = MinSizeRel|x64
		{55FE11AB-2B74-3B98-995C-2B1A0E53514A}.MinSizeRel|x64.Build.0 = MinSizeRel|x64
		{55FE11AB-2B74-3B98-995C-2B1A0E53514A}.Release|x64.ActiveCfg = Release|x64
		{55FE11AB-2B74-3B98-995C-2B1A0E53514A}.Release|x64.Build.0 = Release|x64
		{55FE11AB-2B74-3B98-995C-2B1A0E53514A}.RelWithDebInfo|x64.ActiveCfg = RelWithDebInfo|x64
		{55FE11AB-2B74-3B98-995C-2B1A0E53514A}.RelWithDebInfo|x64.Build.0 = RelWithDebInfo|x64
		{4CCFE51C-D433-39E5-BA52-0A2F5BC1C219}.Debug|x64.ActiveCfg = Debug|x64
		{4CCFE51C-D433-39E5-BA52-0A2F5BC1C219}.Debug|x64.Build.0 = Debug|x64
		{4CCFE51C-D433-39E5-BA52-0A2F5BC1C219}.MinSizeRel|x64.ActiveCfg = MinSizeRel|x64
		{4CCFE51C-D433-39E5-BA52-0A2F5BC1C219}.MinSizeRel|x64.Build.0 = MinSizeRel|x64
		{4CCFE51C-D433-39E5-BA52-0A2F5BC1C219}.Release|x64.ActiveCfg = Release|x64
		{4CCFE51C-D433-39E5-BA52-0A2F5BC1C219}.Release|x64.Build.0 = Release|x64
		{4CCFE51C-D433-39E5-BA52-0A2F5BC1C219}.RelWithDebInfo|x64.ActiveCfg = RelWithDebInfo|x64
		{4CCFE51C-D433-39E5-BA52-0A2F5BC1C219}.RelWithDebInfo|x64.Build.0 = RelWithDebInfo|x64
		{57BC89CA-E103-3F95-AFA4-85645F61AA48}.Debug|x64.ActiveCfg = Debug|x64
		{57BC89CA-E103-3F95-AFA4-85645F61AA48}.Debug|x64.Build.0 = Debug|x64
		{57BC89CA-E103-3F95-AFA4-85645F61AA48}.MinSizeRel|x64.ActiveCfg = MinSizeRel|x64
		{57BC89CA-E103-3F95-AFA4-85645F61AA48}.MinSizeRel|x64.Build.0 = MinSizeRel|x64
		{57BC89CA-E103-3F95-AFA4-85645F61AA48}.Release|x64.ActiveCfg = Release|x64
		{57BC89CA-E103-3F95-AFA4-85645F61AA48}.Release|x64.Build.0 = Release|x64
		{57BC89CA-E103-3F95-AFA4-85645F61AA48}.RelWithDebInfo|x64.ActiveCfg = RelWithDebInfo|x64
		{57BC89CA-E103-3F95-AFA4-85645F61AA48}.RelWithDebInfo|x64.Build.0 = RelWithDebInfo|x64
		{42D573CC-2CC1-36D0-92D2-9247CBB0E2C9}.Debug|x64.ActiveCfg = Debug|x64
		{42D573CC-2CC1-36D0-92D2-9247CBB0E2C9}.Debug|x64.Build.0 = Debug|x64
		{42D573CC-2CC1-36D0-92D2-9247CBB0E2C9}.MinSizeRel|x64.ActiveCfg = MinSizeRel|x64
		{42D573CC-2CC1-36D0-92D2-9247CBB0E2C9}.MinSizeRel|x64.Build.0 = MinSizeRel|x64
		{42D573CC-2CC1-36D0-92D2-9247CBB0E2C9}.Release|x64.ActiveCfg = Release|x64
		{42D573CC-2CC1-36D0-92D2-9247CBB0E2C9}.Release|x64.Build.0 = Release|x64
		{42D573CC-2CC1-36D0-92D2-9247CBB0E2C9}.RelWithDebInfo|x64.ActiveCfg = RelWithDebInfo|x64
		{42D573CC-2CC1-36D0-92D2-9247CBB0E2C9}.RelWithDebInfo|x64.Build.0 = RelWithDebInfo|x64
	EndGlobalSection
	GlobalSection(SolutionProperties) = preSolution
		HideSolutionNode = FALSE
	EndGlobalSection
EndGlobal
